{
  "name": "flintbenchmark",
  "version": "1.0.0",
  "lockfileVersion": 3,
  "requires": true,
  "packages": {
    "": {
      "name": "flintbenchmark",
      "version": "1.0.0",
      "license": "MIT",
      "devDependencies": {
        "fracturedjsonjs": "^4.0.0"
      }
    },
    "node_modules/fracturedjsonjs": {
      "version": "4.1.1",
      "resolved": "https://registry.npmjs.org/fracturedjsonjs/-/fracturedjsonjs-4.1.1.tgz",
      "integrity": "sha512-zpxgrF586btwidqdDRggOviFnihJh2uqompWfV8EkSd0zPROgQKToY2QCPkG+2uzHvt1fmRkqZIWklAnsKuRsA==",
      "dev": true,
      "license": "MIT"
    }
  }
}
